// !$*UTF8*$!
{
	archiveVersion = 1;
	classes = {
	};
	objectVersion = 56;
	objects = {

/* Begin PBXBuildFile section */
		51F94320FFBF5BDDD6245DD4 /* Pods_LoginSample.framework in Frameworks */ = {isa = PBXBuildFile; fileRef = 2969C5CA97ACDC0D3E608519 /* Pods_LoginSample.framework */; };
		6B5B66902960760A0023B669 /* AppDelegate.swift in Sources */ = {isa = PBXBuildFile; fileRef = 6B5B668F2960760A0023B669 /* AppDelegate.swift */; };
		6B5B66922960760A0023B669 /* SceneDelegate.swift in Sources */ = {isa = PBXBuildFile; fileRef = 6B5B66912960760A0023B669 /* SceneDelegate.swift */; };
		6B5B66972960760A0023B669 /* Main.storyboard in Resources */ = {isa = PBXBuildFile; fileRef = 6B5B66952960760A0023B669 /* Main.storyboard */; };
		6B5B66992960760B0023B669 /* Assets.xcassets in Resources */ = {isa = PBXBuildFile; fileRef = 6B5B66982960760B0023B669 /* Assets.xcassets */; };
		6B5B669C2960760B0023B669 /* LaunchScreen.storyboard in Resources */ = {isa = PBXBuildFile; fileRef = 6B5B669A2960760B0023B669 /* LaunchScreen.storyboard */; };
		6B5B66A4296081960023B669 /* LoginViewController.swift in Sources */ = {isa = PBXBuildFile; fileRef = 6B5B66A3296081960023B669 /* LoginViewController.swift */; };
		6B5B66A6296085780023B669 /* EnterEmailViewController.swift in Sources */ = {isa = PBXBuildFile; fileRef = 6B5B66A5296085780023B669 /* EnterEmailViewController.swift */; };
		6B5B66A829608C310023B669 /* MainViewController.swift in Sources */ = {isa = PBXBuildFile; fileRef = 6B5B66A729608C310023B669 /* MainViewController.swift */; };
		6B5B66AA2962BEF80023B669 /* GoogleService-Info.plist in Resources */ = {isa = PBXBuildFile; fileRef = 6B5B66A92962BEF80023B669 /* GoogleService-Info.plist */; };
		6B5B66AF2963CFD00023B669 /* SignUpViewController.swift in Sources */ = {isa = PBXBuildFile; fileRef = 6B5B66AE2963CFD00023B669 /* SignUpViewController.swift */; };
		6B5B67152966AA7D0023B669 /* LoginSampleTests.swift in Sources */ = {isa = PBXBuildFile; fileRef = 6B5B67142966AA7D0023B669 /* LoginSampleTests.swift */; };
/* End PBXBuildFile section */

/* Begin PBXContainerItemProxy section */
		6B5B67162966AA7D0023B669 /* PBXContainerItemProxy */ = {
			isa = PBXContainerItemProxy;
			containerPortal = 6B5B66842960760A0023B669 /* Project object */;
			proxyType = 1;
			remoteGlobalIDString = 6B5B668B2960760A0023B669;
			remoteInfo = LoginSample;
		};
/* End PBXContainerItemProxy section */

/* Begin PBXFileReference section */
		2969C5CA97ACDC0D3E608519 /* Pods_LoginSample.framework */ = {isa = PBXFileReference; explicitFileType = wrapper.framework; includeInIndex = 0; path = Pods_LoginSample.framework; sourceTree = BUILT_PRODUCTS_DIR; };
		6B5B668C2960760A0023B669 /* LoginSample.app */ = {isa = PBXFileReference; explicitFileType = wrapper.application; includeInIndex = 0; path = LoginSample.app; sourceTree = BUILT_PRODUCTS_DIR; };
		6B5B668F2960760A0023B669 /* AppDelegate.swift */ = {isa = PBXFileReference; lastKnownFileType = sourcecode.swift; path = AppDelegate.swift; sourceTree = "<group>"; };
		6B5B66912960760A0023B669 /* SceneDelegate.swift */ = {isa = PBXFileReference; lastKnownFileType = sourcecode.swift; path = SceneDelegate.swift; sourceTree = "<group>"; };
		6B5B66962960760A0023B669 /* Base */ = {isa = PBXFileReference; lastKnownFileType = file.storyboard; name = Base; path = Base.lproj/Main.storyboard; sourceTree = "<group>"; };
		6B5B66982960760B0023B669 /* Assets.xcassets */ = {isa = PBXFileReference; lastKnownFileType = folder.assetcatalog; path = Assets.xcassets; sourceTree = "<group>"; };
		6B5B669B2960760B0023B669 /* Base */ = {isa = PBXFileReference; lastKnownFileType = file.storyboard; name = Base; path = Base.lproj/LaunchScreen.storyboard; sourceTree = "<group>"; };
		6B5B669D2960760B0023B669 /* Info.plist */ = {isa = PBXFileReference; lastKnownFileType = text.plist.xml; path = Info.plist; sourceTree = "<group>"; };
		6B5B66A3296081960023B669 /* LoginViewController.swift */ = {isa = PBXFileReference; lastKnownFileType = sourcecode.swift; path = LoginViewController.swift; sourceTree = "<group>"; };
		6B5B66A5296085780023B669 /* EnterEmailViewController.swift */ = {isa = PBXFileReference; lastKnownFileType = sourcecode.swift; path = EnterEmailViewController.swift; sourceTree = "<group>"; };
		6B5B66A729608C310023B669 /* MainViewController.swift */ = {isa = PBXFileReference; lastKnownFileType = sourcecode.swift; path = MainViewController.swift; sourceTree = "<group>"; };
		6B5B66A92962BEF80023B669 /* GoogleService-Info.plist */ = {isa = PBXFileReference; fileEncoding = 4; lastKnownFileType = text.plist.xml; path = "GoogleService-Info.plist"; sourceTree = "<group>"; };
		6B5B66AE2963CFD00023B669 /* SignUpViewController.swift */ = {isa = PBXFileReference; lastKnownFileType = sourcecode.swift; path = SignUpViewController.swift; sourceTree = "<group>"; };
		6B5B67122966AA7D0023B669 /* LoginSampleTests.xctest */ = {isa = PBXFileReference; explicitFileType = wrapper.cfbundle; includeInIndex = 0; path = LoginSampleTests.xctest; sourceTree = BUILT_PRODUCTS_DIR; };
		6B5B67142966AA7D0023B669 /* LoginSampleTests.swift */ = {isa = PBXFileReference; lastKnownFileType = sourcecode.swift; path = LoginSampleTests.swift; sourceTree = "<group>"; };
		9FEB0EC2C601B27179801775 /* Pods-LoginSample.debug.xcconfig */ = {isa = PBXFileReference; includeInIndex = 1; lastKnownFileType = text.xcconfig; name = "Pods-LoginSample.debug.xcconfig"; path = "Target Support Files/Pods-LoginSample/Pods-LoginSample.debug.xcconfig"; sourceTree = "<group>"; };
		ED1F1FBA67DD28E3A82AB6CA /* Pods-LoginSample.release.xcconfig */ = {isa = PBXFileReference; includeInIndex = 1; lastKnownFileType = text.xcconfig; name = "Pods-LoginSample.release.xcconfig"; path = "Target Support Files/Pods-LoginSample/Pods-LoginSample.release.xcconfig"; sourceTree = "<group>"; };
/* End PBXFileReference section */

/* Begin PBXFrameworksBuildPhase section */
		6B5B66892960760A0023B669 /* Frameworks */ = {
			isa = PBXFrameworksBuildPhase;
			buildActionMask = 2147483647;
			files = (
				51F94320FFBF5BDDD6245DD4 /* Pods_LoginSample.framework in Frameworks */,
			);
			runOnlyForDeploymentPostprocessing = 0;
		};
		6B5B670F2966AA7C0023B669 /* Frameworks */ = {
			isa = PBXFrameworksBuildPhase;
			buildActionMask = 2147483647;
			files = (
			);
			runOnlyForDeploymentPostprocessing = 0;
		};
/* End PBXFrameworksBuildPhase section */

/* Begin PBXGroup section */
		6B5B66832960760A0023B669 = {
			isa = PBXGroup;
			children = (
				6B5B668E2960760A0023B669 /* LoginSample */,
				6B5B67132966AA7D0023B669 /* LoginSampleTests */,
				6B5B668D2960760A0023B669 /* Products */,
				F11F53767BAAD946CB8CB66F /* Pods */,
				D0C36A7ABEEFDF43827C26CA /* Frameworks */,
			);
			sourceTree = "<group>";
		};
		6B5B668D2960760A0023B669 /* Products */ = {
			isa = PBXGroup;
			children = (
				6B5B668C2960760A0023B669 /* LoginSample.app */,
				6B5B67122966AA7D0023B669 /* LoginSampleTests.xctest */,
			);
			name = Products;
			sourceTree = "<group>";
		};
		6B5B668E2960760A0023B669 /* LoginSample */ = {
			isa = PBXGroup;
			children = (
				6B5B668F2960760A0023B669 /* AppDelegate.swift */,
				6B5B66912960760A0023B669 /* SceneDelegate.swift */,
				6B5B66952960760A0023B669 /* Main.storyboard */,
				6B5B66AE2963CFD00023B669 /* SignUpViewController.swift */,
				6B5B66A5296085780023B669 /* EnterEmailViewController.swift */,
				6B5B66A729608C310023B669 /* MainViewController.swift */,
				6B5B66A3296081960023B669 /* LoginViewController.swift */,
				6B5B66982960760B0023B669 /* Assets.xcassets */,
				6B5B669A2960760B0023B669 /* LaunchScreen.storyboard */,
				6B5B669D2960760B0023B669 /* Info.plist */,
				6B5B66A92962BEF80023B669 /* GoogleService-Info.plist */,
			);
			path = LoginSample;
			sourceTree = "<group>";
		};
		6B5B67132966AA7D0023B669 /* LoginSampleTests */ = {
			isa = PBXGroup;
			children = (
				6B5B67142966AA7D0023B669 /* LoginSampleTests.swift */,
			);
			path = LoginSampleTests;
			sourceTree = "<group>";
		};
		D0C36A7ABEEFDF43827C26CA /* Frameworks */ = {
			isa = PBXGroup;
			children = (
				2969C5CA97ACDC0D3E608519 /* Pods_LoginSample.framework */,
			);
			name = Frameworks;
			sourceTree = "<group>";
		};
		F11F53767BAAD946CB8CB66F /* Pods */ = {
			isa = PBXGroup;
			children = (
				9FEB0EC2C601B27179801775 /* Pods-LoginSample.debug.xcconfig */,
				ED1F1FBA67DD28E3A82AB6CA /* Pods-LoginSample.release.xcconfig */,
			);
			path = Pods;
			sourceTree = "<group>";
		};
/* End PBXGroup section */

/* Begin PBXNativeTarget section */
		6B5B668B2960760A0023B669 /* LoginSample */ = {
			isa = PBXNativeTarget;
			buildConfigurationList = 6B5B66A02960760B0023B669 /* Build configuration list for PBXNativeTarget "LoginSample" */;
			buildPhases = (
				6622C4EC4718BB7F3C29D7DE /* [CP] Check Pods Manifest.lock */,
				6B5B66882960760A0023B669 /* Sources */,
				6B5B66892960760A0023B669 /* Frameworks */,
				6B5B668A2960760A0023B669 /* Resources */,
				4DC4A23EA4BB880D32DA451B /* [CP] Embed Pods Frameworks */,
				6B5B66AB2962EC660023B669 /* ShellScript */,
			);
			buildRules = (
			);
			dependencies = (
			);
			name = LoginSample;
			productName = LoginSample;
			productReference = 6B5B668C2960760A0023B669 /* LoginSample.app */;
			productType = "com.apple.product-type.application";
		};
		6B5B67112966AA7C0023B669 /* LoginSampleTests */ = {
			isa = PBXNativeTarget;
			buildConfigurationList = 6B5B671A2966AA7D0023B669 /* Build configuration list for PBXNativeTarget "LoginSampleTests" */;
			buildPhases = (
				6B5B670E2966AA7C0023B669 /* Sources */,
				6B5B670F2966AA7C0023B669 /* Frameworks */,
				6B5B67102966AA7C0023B669 /* Resources */,
			);
			buildRules = (
			);
			dependencies = (
				6B5B67172966AA7D0023B669 /* PBXTargetDependency */,
			);
			name = LoginSampleTests;
			productName = LoginSampleTests;
			productReference = 6B5B67122966AA7D0023B669 /* LoginSampleTests.xctest */;
			productType = "com.apple.product-type.bundle.unit-test";
		};
/* End PBXNativeTarget section */

/* Begin PBXProject section */
		6B5B66842960760A0023B669 /* Project object */ = {
			isa = PBXProject;
			attributes = {
				BuildIndependentTargetsInParallel = 1;
				LastSwiftUpdateCheck = 1420;
				LastUpgradeCheck = 1420;
				TargetAttributes = {
					6B5B668B2960760A0023B669 = {
						CreatedOnToolsVersion = 14.2;
					};
					6B5B67112966AA7C0023B669 = {
						CreatedOnToolsVersion = 14.2;
						TestTargetID = 6B5B668B2960760A0023B669;
					};
				};
			};
			buildConfigurationList = 6B5B66872960760A0023B669 /* Build configuration list for PBXProject "LoginSample" */;
			compatibilityVersion = "Xcode 14.0";
			developmentRegion = en;
			hasScannedForEncodings = 0;
			knownRegions = (
				en,
				Base,
			);
			mainGroup = 6B5B66832960760A0023B669;
			productRefGroup = 6B5B668D2960760A0023B669 /* Products */;
			projectDirPath = "";
			projectRoot = "";
			targets = (
				6B5B668B2960760A0023B669 /* LoginSample */,
				6B5B67112966AA7C0023B669 /* LoginSampleTests */,
			);
		};
/* End PBXProject section */

/* Begin PBXResourcesBuildPhase section */
		6B5B668A2960760A0023B669 /* Resources */ = {
			isa = PBXResourcesBuildPhase;
			buildActionMask = 2147483647;
			files = (
				6B5B669C2960760B0023B669 /* LaunchScreen.storyboard in Resources */,
				6B5B66AA2962BEF80023B669 /* GoogleService-Info.plist in Resources */,
				6B5B66992960760B0023B669 /* Assets.xcassets in Resources */,
				6B5B66972960760A0023B669 /* Main.storyboard in Resources */,
			);
			runOnlyForDeploymentPostprocessing = 0;
		};
		6B5B67102966AA7C0023B669 /* Resources */ = {
			isa = PBXResourcesBuildPhase;
			buildActionMask = 2147483647;
			files = (
			);
			runOnlyForDeploymentPostprocessing = 0;
		};
/* End PBXResourcesBuildPhase section */

/* Begin PBXShellScriptBuildPhase section */
		4DC4A23EA4BB880D32DA451B /* [CP] Embed Pods Frameworks */ = {
			isa = PBXShellScriptBuildPhase;
			buildActionMask = 2147483647;
			files = (
			);
			inputFileListPaths = (
				"${PODS_ROOT}/Target Support Files/Pods-LoginSample/Pods-LoginSample-frameworks-${CONFIGURATION}-input-files.xcfilelist",
			);
			name = "[CP] Embed Pods Frameworks";
			outputFileListPaths = (
				"${PODS_ROOT}/Target Support Files/Pods-LoginSample/Pods-LoginSample-frameworks-${CONFIGURATION}-output-files.xcfilelist",
			);
			runOnlyForDeploymentPostprocessing = 0;
			shellPath = /bin/sh;
			shellScript = "\"${PODS_ROOT}/Target Support Files/Pods-LoginSample/Pods-LoginSample-frameworks.sh\"\n";
			showEnvVarsInLog = 0;
		};
		6622C4EC4718BB7F3C29D7DE /* [CP] Check Pods Manifest.lock */ = {
			isa = PBXShellScriptBuildPhase;
			buildActionMask = 2147483647;
			files = (
			);
			inputFileListPaths = (
			);
			inputPaths = (
				"${PODS_PODFILE_DIR_PATH}/Podfile.lock",
				"${PODS_ROOT}/Manifest.lock",
			);
			name = "[CP] Check Pods Manifest.lock";
			outputFileListPaths = (
			);
			outputPaths = (
				"$(DERIVED_FILE_DIR)/Pods-LoginSample-checkManifestLockResult.txt",
			);
			runOnlyForDeploymentPostprocessing = 0;
			shellPath = /bin/sh;
			shellScript = "diff \"${PODS_PODFILE_DIR_PATH}/Podfile.lock\" \"${PODS_ROOT}/Manifest.lock\" > /dev/null\nif [ $? != 0 ] ; then\n    # print error to STDERR\n    echo \"error: The sandbox is not in sync with the Podfile.lock. Run 'pod install' or update your CocoaPods installation.\" >&2\n    exit 1\nfi\n# This output is used by Xcode 'outputs' to avoid re-running this script phase.\necho \"SUCCESS\" > \"${SCRIPT_OUTPUT_FILE_0}\"\n";
			showEnvVarsInLog = 0;
		};
		6B5B66AB2962EC660023B669 /* ShellScript */ = {
			isa = PBXShellScriptBuildPhase;
			alwaysOutOfDate = 1;
			buildActionMask = 2147483647;
			files = (
			);
			inputFileListPaths = (
			);
			inputPaths = (
			);
			outputFileListPaths = (
			);
			outputPaths = (
			);
			runOnlyForDeploymentPostprocessing = 0;
			shellPath = /bin/sh;
			shellScript = "# Type a script or drag a script file from your workspace to insert its path.\n";
		};
/* End PBXShellScriptBuildPhase section */

/* Begin PBXSourcesBuildPhase section */
		6B5B66882960760A0023B669 /* Sources */ = {
			isa = PBXSourcesBuildPhase;
			buildActionMask = 2147483647;
			files = (
				6B5B66AF2963CFD00023B669 /* SignUpViewController.swift in Sources */,
				6B5B66A4296081960023B669 /* LoginViewController.swift in Sources */,
				6B5B66902960760A0023B669 /* AppDelegate.swift in Sources */,
				6B5B66A6296085780023B669 /* EnterEmailViewController.swift in Sources */,
				6B5B66922960760A0023B669 /* SceneDelegate.swift in Sources */,
				6B5B66A829608C310023B669 /* MainViewController.swift in Sources */,
			);
			runOnlyForDeploymentPostprocessing = 0;
		};
		6B5B670E2966AA7C0023B669 /* Sources */ = {
			isa = PBXSourcesBuildPhase;
			buildActionMask = 2147483647;
			files = (
				6B5B67152966AA7D0023B669 /* LoginSampleTests.swift in Sources */,
			);
			runOnlyForDeploymentPostprocessing = 0;
		};
/* End PBXSourcesBuildPhase section */

/* Begin PBXTargetDependency section */
		6B5B67172966AA7D0023B669 /* PBXTargetDependency */ = {
			isa = PBXTargetDependency;
			target = 6B5B668B2960760A0023B669 /* LoginSample */;
			targetProxy = 6B5B67162966AA7D0023B669 /* PBXContainerItemProxy */;
		};
/* End PBXTargetDependency section */

/* Begin PBXVariantGroup section */
		6B5B66952960760A0023B669 /* Main.storyboard */ = {
			isa = PBXVariantGroup;
			children = (
				6B5B66962960760A0023B669 /* Base */,
			);
			name = Main.storyboard;
			sourceTree = "<group>";
		};
		6B5B669A2960760B0023B669 /* LaunchScreen.storyboard */ = {
			isa = PBXVariantGroup;
			children = (
				6B5B669B2960760B0023B669 /* Base */,
			);
			name = LaunchScreen.storyboard;
			sourceTree = "<group>";
		};
/* End PBXVariantGroup section */

/* Begin XCBuildConfiguration section */
		6B5B669E2960760B0023B669 /* Debug */ = {
			isa = XCBuildConfiguration;
			buildSettings = {
				ALWAYS_SEARCH_USER_PATHS = NO;
				CLANG_ANALYZER_NONNULL = YES;
				CLANG_ANALYZER_NUMBER_OBJECT_CONVERSION = YES_AGGRESSIVE;
				CLANG_CXX_LANGUAGE_STANDARD = "gnu++20";
				CLANG_ENABLE_MODULES = YES;
				CLANG_ENABLE_OBJC_ARC = YES;
				CLANG_ENABLE_OBJC_WEAK = YES;
				CLANG_WARN_BLOCK_CAPTURE_AUTORELEASING = YES;
				CLANG_WARN_BOOL_CONVERSION = YES;
				CLANG_WARN_COMMA = YES;
				CLANG_WARN_CONSTANT_CONVERSION = YES;
				CLANG_WARN_DEPRECATED_OBJC_IMPLEMENTATIONS = YES;
				CLANG_WARN_DIRECT_OBJC_ISA_USAGE = YES_ERROR;
				CLANG_WARN_DOCUMENTATION_COMMENTS = YES;
				CLANG_WARN_EMPTY_BODY = YES;
				CLANG_WARN_ENUM_CONVERSION = YES;
				CLANG_WARN_INFINITE_RECURSION = YES;
				CLANG_WARN_INT_CONVERSION = YES;
				CLANG_WARN_NON_LITERAL_NULL_CONVERSION = YES;
				CLANG_WARN_OBJC_IMPLICIT_RETAIN_SELF = YES;
				CLANG_WARN_OBJC_LITERAL_CONVERSION = YES;
				CLANG_WARN_OBJC_ROOT_CLASS = YES_ERROR;
				CLANG_WARN_QUOTED_INCLUDE_IN_FRAMEWORK_HEADER = YES;
				CLANG_WARN_RANGE_LOOP_ANALYSIS = YES;
				CLANG_WARN_STRICT_PROTOTYPES = YES;
				CLANG_WARN_SUSPICIOUS_MOVE = YES;
				CLANG_WARN_UNGUARDED_AVAILABILITY = YES_AGGRESSIVE;
				CLANG_WARN_UNREACHABLE_CODE = YES;
				CLANG_WARN__DUPLICATE_METHOD_MATCH = YES;
				COPY_PHASE_STRIP = NO;
				DEBUG_INFORMATION_FORMAT = dwarf;
				ENABLE_STRICT_OBJC_MSGSEND = YES;
				ENABLE_TESTABILITY = YES;
				GCC_C_LANGUAGE_STANDARD = gnu11;
				GCC_DYNAMIC_NO_PIC = NO;
				GCC_NO_COMMON_BLOCKS = YES;
				GCC_OPTIMIZATION_LEVEL = 0;
				GCC_PREPROCESSOR_DEFINITIONS = (
					"DEBUG=1",
					"$(inherited)",
				);
				GCC_WARN_64_TO_32_BIT_CONVERSION = YES;
				GCC_WARN_ABOUT_RETURN_TYPE = YES_ERROR;
				GCC_WARN_UNDECLARED_SELECTOR = YES;
				GCC_WARN_UNINITIALIZED_AUTOS = YES_AGGRESSIVE;
				GCC_WARN_UNUSED_FUNCTION = YES;
				GCC_WARN_UNUSED_VARIABLE = YES;
				IPHONEOS_DEPLOYMENT_TARGET = 16.2;
				MTL_ENABLE_DEBUG_INFO = INCLUDE_SOURCE;
				MTL_FAST_MATH = YES;
				ONLY_ACTIVE_ARCH = YES;
				SDKROOT = iphoneos;
				SWIFT_ACTIVE_COMPILATION_CONDITIONS = DEBUG;
				SWIFT_OPTIMIZATION_LEVEL = "-Onone";
			};
			name = Debug;
		};
		6B5B669F2960760B0023B669 /* Release */ = {
			isa = XCBuildConfiguration;
			buildSettings = {
				ALWAYS_SEARCH_USER_PATHS = NO;
				CLANG_ANALYZER_NONNULL = YES;
				CLANG_ANALYZER_NUMBER_OBJECT_CONVERSION = YES_AGGRESSIVE;
				CLANG_CXX_LANGUAGE_STANDARD = "gnu++20";
				CLANG_ENABLE_MODULES = YES;
				CLANG_ENABLE_OBJC_ARC = YES;
				CLANG_ENABLE_OBJC_WEAK = YES;
				CLANG_WARN_BLOCK_CAPTURE_AUTORELEASING = YES;
				CLANG_WARN_BOOL_CONVERSION = YES;
				CLANG_WARN_COMMA = YES;
				CLANG_WARN_CONSTANT_CONVERSION = YES;
				CLANG_WARN_DEPRECATED_OBJC_IMPLEMENTATIONS = YES;
				CLANG_WARN_DIRECT_OBJC_ISA_USAGE = YES_ERROR;
				CLANG_WARN_DOCUMENTATION_COMMENTS = YES;
				CLANG_WARN_EMPTY_BODY = YES;
				CLANG_WARN_ENUM_CONVERSION = YES;
				CLANG_WARN_INFINITE_RECURSION = YES;
				CLANG_WARN_INT_CONVERSION = YES;
				CLANG_WARN_NON_LITERAL_NULL_CONVERSION = YES;
				CLANG_WARN_OBJC_IMPLICIT_RETAIN_SELF = YES;
				CLANG_WARN_OBJC_LITERAL_CONVERSION = YES;
				CLANG_WARN_OBJC_ROOT_CLASS = YES_ERROR;
				CLANG_WARN_QUOTED_INCLUDE_IN_FRAMEWORK_HEADER = YES;
				CLANG_WARN_RANGE_LOOP_ANALYSIS = YES;
				CLANG_WARN_STRICT_PROTOTYPES = YES;
				CLANG_WARN_SUSPICIOUS_MOVE = YES;
				CLANG_WARN_UNGUARDED_AVAILABILITY = YES_AGGRESSIVE;
				CLANG_WARN_UNREACHABLE_CODE = YES;
				CLANG_WARN__DUPLICATE_METHOD_MATCH = YES;
				COPY_PHASE_STRIP = NO;
				DEBUG_INFORMATION_FORMAT = "dwarf-with-dsym";
				ENABLE_NS_ASSERTIONS = NO;
				ENABLE_STRICT_OBJC_MSGSEND = YES;
				GCC_C_LANGUAGE_STANDARD = gnu11;
				GCC_NO_COMMON_BLOCKS = YES;
				GCC_WARN_64_TO_32_BIT_CONVERSION = YES;
				GCC_WARN_ABOUT_RETURN_TYPE = YES_ERROR;
				GCC_WARN_UNDECLARED_SELECTOR = YES;
				GCC_WARN_UNINITIALIZED_AUTOS = YES_AGGRESSIVE;
				GCC_WARN_UNUSED_FUNCTION = YES;
				GCC_WARN_UNUSED_VARIABLE = YES;
				IPHONEOS_DEPLOYMENT_TARGET = 16.2;
				MTL_ENABLE_DEBUG_INFO = NO;
				MTL_FAST_MATH = YES;
				SDKROOT = iphoneos;
				SWIFT_COMPILATION_MODE = wholemodule;
				SWIFT_OPTIMIZATION_LEVEL = "-O";
				VALIDATE_PRODUCT = YES;
			};
			name = Release;
		};
		6B5B66A12960760B0023B669 /* Debug */ = {
			isa = XCBuildConfiguration;
			baseConfigurationReference = 9FEB0EC2C601B27179801775 /* Pods-LoginSample.debug.xcconfig */;
			buildSettings = {
				ASSETCATALOG_COMPILER_APPICON_NAME = AppIcon;
				ASSETCATALOG_COMPILER_GLOBAL_ACCENT_COLOR_NAME = AccentColor;
				CODE_SIGN_STYLE = Automatic;
				CURRENT_PROJECT_VERSION = 1;
				DEVELOPMENT_TEAM = B5S29CX6KL;
				GENERATE_INFOPLIST_FILE = YES;
				INFOPLIST_FILE = LoginSample/Info.plist;
				INFOPLIST_KEY_UIApplicationSupportsIndirectInputEvents = YES;
				INFOPLIST_KEY_UILaunchStoryboardName = LaunchScreen;
				INFOPLIST_KEY_UIMainStoryboardFile = Main;
				INFOPLIST_KEY_UISupportedInterfaceOrientations_iPad = "UIInterfaceOrientationPortrait UIInterfaceOrientationPortraitUpsideDown UIInterfaceOrientationLandscapeLeft UIInterfaceOrientationLandscapeRight";
				INFOPLIST_KEY_UISupportedInterfaceOrientations_iPhone = "UIInterfaceOrientationPortrait UIInterfaceOrientationLandscapeLeft UIInterfaceOrientationLandscapeRight";
				LD_RUNPATH_SEARCH_PATHS = (
					"$(inherited)",
					"@executable_path/Frameworks",
				);
				MARKETING_VERSION = 1.0;
				PRODUCT_BUNDLE_IDENTIFIER = suho.LoginSample;
				PRODUCT_NAME = "$(TARGET_NAME)";
				SWIFT_EMIT_LOC_STRINGS = YES;
				SWIFT_VERSION = 5.0;
				TARGETED_DEVICE_FAMILY = "1,2";
			};
			name = Debug;
		};
		6B5B66A22960760B0023B669 /* Release */ = {
			isa = XCBuildConfiguration;
			baseConfigurationReference = ED1F1FBA67DD28E3A82AB6CA /* Pods-LoginSample.release.xcconfig */;
			buildSettings = {
				ASSETCATALOG_COMPILER_APPICON_NAME = AppIcon;
				ASSETCATALOG_COMPILER_GLOBAL_ACCENT_COLOR_NAME = AccentColor;
				CODE_SIGN_STYLE = Automatic;
				CURRENT_PROJECT_VERSION = 1;
				DEVELOPMENT_TEAM = B5S29CX6KL;
				GENERATE_INFOPLIST_FILE = YES;
				INFOPLIST_FILE = LoginSample/Info.plist;
				INFOPLIST_KEY_UIApplicationSupportsIndirectInputEvents = YES;
				INFOPLIST_KEY_UILaunchStoryboardName = LaunchScreen;
				INFOPLIST_KEY_UIMainStoryboardFile = Main;
				INFOPLIST_KEY_UISupportedInterfaceOrientations_iPad = "UIInterfaceOrientationPortrait UIInterfaceOrientationPortraitUpsideDown UIInterfaceOrientationLandscapeLeft UIInterfaceOrientationLandscapeRight";
				INFOPLIST_KEY_UISupportedInterfaceOrientations_iPhone = "UIInterfaceOrientationPortrait UIInterfaceOrientationLandscapeLeft UIInterfaceOrientationLandscapeRight";
				LD_RUNPATH_SEARCH_PATHS = (
					"$(inherited)",
					"@executable_path/Frameworks",
				);
				MARKETING_VERSION = 1.0;
				PRODUCT_BUNDLE_IDENTIFIER = suho.LoginSample;
				PRODUCT_NAME = "$(TARGET_NAME)";
				SWIFT_EMIT_LOC_STRINGS = YES;
				SWIFT_VERSION = 5.0;
				TARGETED_DEVICE_FAMILY = "1,2";
			};
			name = Release;
		};
		6B5B67182966AA7D0023B669 /* Debug */ = {
			isa = XCBuildConfiguration;
			buildSettings = {
				BUNDLE_LOADER = "$(TEST_HOST)";
				CODE_SIGN_STYLE = Automatic;
				CURRENT_PROJECT_VERSION = 1;
				DEVELOPMENT_TEAM = B5S29CX6KL;
				GENERATE_INFOPLIST_FILE = YES;
				MARKETING_VERSION = 1.0;
				PRODUCT_BUNDLE_IDENTIFIER = suho.LoginSampleTests;
				PRODUCT_NAME = "$(TARGET_NAME)";
				SWIFT_EMIT_LOC_STRINGS = NO;
				SWIFT_VERSION = 5.0;
				TARGETED_DEVICE_FAMILY = "1,2";
				TEST_HOST = "$(BUILT_PRODUCTS_DIR)/LoginSample.app/$(BUNDLE_EXECUTABLE_FOLDER_PATH)/LoginSample";
			};
			name = Debug;
		};
		6B5B67192966AA7D0023B669 /* Release */ = {
			isa = XCBuildConfiguration;
			buildSettings = {
				BUNDLE_LOADER = "$(TEST_HOST)";
				CODE_SIGN_STYLE = Automatic;
				CURRENT_PROJECT_VERSION = 1;
				DEVELOPMENT_TEAM = B5S29CX6KL;
				GENERATE_INFOPLIST_FILE = YES;
				MARKETING_VERSION = 1.0;
				PRODUCT_BUNDLE_IDENTIFIER = suho.LoginSampleTests;
				PRODUCT_NAME = "$(TARGET_NAME)";
				SWIFT_EMIT_LOC_STRINGS = NO;
				SWIFT_VERSION = 5.0;
				TARGETED_DEVICE_FAMILY = "1,2";
				TEST_HOST = "$(BUILT_PRODUCTS_DIR)/LoginSample.app/$(BUNDLE_EXECUTABLE_FOLDER_PATH)/LoginSample";
			};
			name = Release;
		};
/* End XCBuildConfiguration section */

/* Begin XCConfigurationList section */
		6B5B66872960760A0023B669 /* Build configuration list for PBXProject "LoginSample" */ = {
			isa = XCConfigurationList;
			buildConfigurations = (
				6B5B669E2960760B0023B669 /* Debug */,
				6B5B669F2960760B0023B669 /* Release */,
			);
			defaultConfigurationIsVisible = 0;
			defaultConfigurationName = Release;
		};
		6B5B66A02960760B0023B669 /* Build configuration list for PBXNativeTarget "LoginSample" */ = {
			isa = XCConfigurationList;
			buildConfigurations = (
				6B5B66A12960760B0023B669 /* Debug */,
				6B5B66A22960760B0023B669 /* Release */,
			);
			defaultConfigurationIsVisible = 0;
			defaultConfigurationName = Release;
		};
		6B5B671A2966AA7D0023B669 /* Build configuration list for PBXNativeTarget "LoginSampleTests" */ = {
			isa = XCConfigurationList;
			buildConfigurations = (
				6B5B67182966AA7D0023B669 /* Debug */,
				6B5B67192966AA7D0023B669 /* Release */,
			);
			defaultConfigurationIsVisible = 0;
			defaultConfigurationName = Release;
		};
/* End XCConfigurationList section */
	};
	rootObject = 6B5B66842960760A0023B669 /* Project object */;
}
